
Microsoft Visual Studio Solution File, Format Version 12.00
# Visual Studio Version 17
VisualStudioVersion = 17.4.33205.214
MinimumVisualStudioVersion = 10.0.40219.1
Project("{FAE04EC0-301F-11D3-BF4B-00C04F79EFBC}") = "kursinlamning_datalagring", "kursinlamning_datalagring\kursinlamning_datalagring.csproj", "{623C60D4-181F-4DF5-B6CD-124AE1F83312}"
EndProject
Global
	GlobalSection(SolutionConfigurationPlatforms) = preSolution
		Debug|Any CPU = Debug|Any CPU
		Release|Any CPU = Release|Any CPU
	EndGlobalSection
	GlobalSection(ProjectConfigurationPlatforms) = postSolution
		{623C60D4-181F-4DF5-B6CD-124AE1F83312}.Debug|Any CPU.ActiveCfg = Debug|Any CPU
		{623C60D4-181F-4DF5-B6CD-124AE1F83312}.Debug|Any CPU.Build.0 = Debug|Any CPU
		{623C60D4-181F-4DF5-B6CD-124AE1F83312}.Release|Any CPU.ActiveCfg = Release|Any CPU
		{623C60D4-181F-4DF5-B6CD-124AE1F83312}.Release|Any CPU.Build.0 = Release|Any CPU
	EndGlobalSection
	GlobalSection(SolutionProperties) = preSolution
		HideSolutionNode = FALSE
	EndGlobalSection
	GlobalSection(ExtensibilityGlobals) = postSolution
		SolutionGuid = {80955B43-1641-4695-AC3C-0288B819AEC8}
	EndGlobalSection
EndGlobal
